# This file was autogenerated by Stack.
# You should not edit this file by hand.
# For more information, please see the documentation at:
#   https://docs.haskellstack.org/en/stable/lock_files

packages:
- completed:
    hackage: yapb-0.1.1@sha256:b237704b21cc03de7fcbd9dc2661f6e897cc5d9bad2ea0bc8203d63ab106113b,3025
    pantry-tree:
      size: 2093
      sha256: d3d83d7b387aa210f2fb2540cbdc963b5a1d999d4da493e668396dbb2ea378db
  original:
    hackage: yapb-0.1.1
snapshots:
- completed:
    size: 531701
    url: https://raw.githubusercontent.com/commercialhaskell/stackage-snapshots/master/lts/16/4.yaml
    sha256: d6119cdacc6d6b39c0bb8f6e11e8db6a21e92a38552e0d553414ba346592b53f
  original: lts-16.4
