# This file was autogenerated by Stack.
# You should not edit this file by hand.
# For more information, please see the documentation at:
#   https://docs.haskellstack.org/en/stable/lock_files

packages:
- completed:
    hackage: yapb-0.2.2@sha256:5e1079b56c1948a7acae7f9ce6d671f69f5d3ec27c934c498fb14f0484ed2c66,4592
    pantry-tree:
      size: 3920
      sha256: 4e1a631ee82fb5c51d71d96be797dd2ce8b487ffdcb5aafd916622c7ae199e7f
  original:
    hackage: yapb-0.2.2
snapshots:
- completed:
    size: 531701
    url: https://raw.githubusercontent.com/commercialhaskell/stackage-snapshots/master/lts/16/4.yaml
    sha256: d6119cdacc6d6b39c0bb8f6e11e8db6a21e92a38552e0d553414ba346592b53f
  original: lts-16.4
